// !$*UTF8*$!
{
	archiveVersion = 1;
	classes = {
	};
	objectVersion = 50;
	objects = {

/* Begin PBXBuildFile section */
		ABE113EF25AE243A00932A32 /* AppDelegate.swift in Sources */ = {isa = PBXBuildFile; fileRef = ABE113EE25AE243A00932A32 /* AppDelegate.swift */; };
		ABE113F125AE243A00932A32 /* SceneDelegate.swift in Sources */ = {isa = PBXBuildFile; fileRef = ABE113F025AE243A00932A32 /* SceneDelegate.swift */; };
		ABE113F325AE243A00932A32 /* ViewController.swift in Sources */ = {isa = PBXBuildFile; fileRef = ABE113F225AE243A00932A32 /* ViewController.swift */; };
		ABE113F625AE243A00932A32 /* Main.storyboard in Resources */ = {isa = PBXBuildFile; fileRef = ABE113F425AE243A00932A32 /* Main.storyboard */; };
		ABE113F825AE243D00932A32 /* Assets.xcassets in Resources */ = {isa = PBXBuildFile; fileRef = ABE113F725AE243D00932A32 /* Assets.xcassets */; };
		ABE113FB25AE243D00932A32 /* LaunchScreen.storyboard in Resources */ = {isa = PBXBuildFile; fileRef = ABE113F925AE243D00932A32 /* LaunchScreen.storyboard */; };
		ABE1140625AE243D00932A32 /* LoginATests.swift in Sources */ = {isa = PBXBuildFile; fileRef = ABE1140525AE243D00932A32 /* LoginATests.swift */; };
		ABE1141125AE243D00932A32 /* LoginAUITests.swift in Sources */ = {isa = PBXBuildFile; fileRef = ABE1141025AE243D00932A32 /* LoginAUITests.swift */; };
/* End PBXBuildFile section */

/* Begin PBXContainerItemProxy section */
		ABE1140225AE243D00932A32 /* PBXContainerItemProxy */ = {
			isa = PBXContainerItemProxy;
			containerPortal = ABE113E325AE243A00932A32 /* Project object */;
			proxyType = 1;
			remoteGlobalIDString = ABE113EA25AE243A00932A32;
			remoteInfo = LoginA;
		};
		ABE1140D25AE243D00932A32 /* PBXContainerItemProxy */ = {
			isa = PBXContainerItemProxy;
			containerPortal = ABE113E325AE243A00932A32 /* Project object */;
			proxyType = 1;
			remoteGlobalIDString = ABE113EA25AE243A00932A32;
			remoteInfo = LoginA;
		};
/* End PBXContainerItemProxy section */

/* Begin PBXFileReference section */
		ABE113EB25AE243A00932A32 /* LoginA.app */ = {isa = PBXFileReference; explicitFileType = wrapper.application; includeInIndex = 0; path = LoginA.app; sourceTree = BUILT_PRODUCTS_DIR; };
		ABE113EE25AE243A00932A32 /* AppDelegate.swift */ = {isa = PBXFileReference; lastKnownFileType = sourcecode.swift; path = AppDelegate.swift; sourceTree = "<group>"; };
		ABE113F025AE243A00932A32 /* SceneDelegate.swift */ = {isa = PBXFileReference; lastKnownFileType = sourcecode.swift; path = SceneDelegate.swift; sourceTree = "<group>"; };
		ABE113F225AE243A00932A32 /* ViewController.swift */ = {isa = PBXFileReference; lastKnownFileType = sourcecode.swift; path = ViewController.swift; sourceTree = "<group>"; };
		ABE113F525AE243A00932A32 /* Base */ = {isa = PBXFileReference; lastKnownFileType = file.storyboard; name = Base; path = Base.lproj/Main.storyboard; sourceTree = "<group>"; };
		ABE113F725AE243D00932A32 /* Assets.xcassets */ = {isa = PBXFileReference; lastKnownFileType = folder.assetcatalog; path = Assets.xcassets; sourceTree = "<group>"; };
		ABE113FA25AE243D00932A32 /* Base */ = {isa = PBXFileReference; lastKnownFileType = file.storyboard; name = Base; path = Base.lproj/LaunchScreen.storyboard; sourceTree = "<group>"; };
		ABE113FC25AE243D00932A32 /* Info.plist */ = {isa = PBXFileReference; lastKnownFileType = text.plist.xml; path = Info.plist; sourceTree = "<group>"; };
		ABE1140125AE243D00932A32 /* LoginATests.xctest */ = {isa = PBXFileReference; explicitFileType = wrapper.cfbundle; includeInIndex = 0; path = LoginATests.xctest; sourceTree = BUILT_PRODUCTS_DIR; };
		ABE1140525AE243D00932A32 /* LoginATests.swift */ = {isa = PBXFileReference; lastKnownFileType = sourcecode.swift; path = LoginATests.swift; sourceTree = "<group>"; };
		ABE1140725AE243D00932A32 /* Info.plist */ = {isa = PBXFileReference; lastKnownFileType = text.plist.xml; path = Info.plist; sourceTree = "<group>"; };
		ABE1140C25AE243D00932A32 /* LoginAUITests.xctest */ = {isa = PBXFileReference; explicitFileType = wrapper.cfbundle; includeInIndex = 0; path = LoginAUITests.xctest; sourceTree = BUILT_PRODUCTS_DIR; };
		ABE1141025AE243D00932A32 /* LoginAUITests.swift */ = {isa = PBXFileReference; lastKnownFileType = sourcecode.swift; path = LoginAUITests.swift; sourceTree = "<group>"; };
		ABE1141225AE243D00932A32 /* Info.plist */ = {isa = PBXFileReference; lastKnownFileType = text.plist.xml; path = Info.plist; sourceTree = "<group>"; };
/* End PBXFileReference section */

/* Begin PBXFrameworksBuildPhase section */
		ABE113E825AE243A00932A32 /* Frameworks */ = {
			isa = PBXFrameworksBuildPhase;
			buildActionMask = 2147483647;
			files = (
			);
			runOnlyForDeploymentPostprocessing = 0;
		};
		ABE113FE25AE243D00932A32 /* Frameworks */ = {
			isa = PBXFrameworksBuildPhase;
			buildActionMask = 2147483647;
			files = (
			);
			runOnlyForDeploymentPostprocessing = 0;
		};
		ABE1140925AE243D00932A32 /* Frameworks */ = {
			isa = PBXFrameworksBuildPhase;
			buildActionMask = 2147483647;
			files = (
			);
			runOnlyForDeploymentPostprocessing = 0;
		};
/* End PBXFrameworksBuildPhase section */

/* Begin PBXGroup section */
		ABE113E225AE243A00932A32 = {
			isa = PBXGroup;
			children = (
				ABE113ED25AE243A00932A32 /* LoginA */,
				ABE1140425AE243D00932A32 /* LoginATests */,
				ABE1140F25AE243D00932A32 /* LoginAUITests */,
				ABE113EC25AE243A00932A32 /* Products */,
			);
			sourceTree = "<group>";
		};
		ABE113EC25AE243A00932A32 /* Products */ = {
			isa = PBXGroup;
			children = (
				ABE113EB25AE243A00932A32 /* LoginA.app */,
				ABE1140125AE243D00932A32 /* LoginATests.xctest */,
				ABE1140C25AE243D00932A32 /* LoginAUITests.xctest */,
			);
			name = Products;
			sourceTree = "<group>";
		};
		ABE113ED25AE243A00932A32 /* LoginA */ = {
			isa = PBXGroup;
			children = (
				ABE113EE25AE243A00932A32 /* AppDelegate.swift */,
				ABE113F025AE243A00932A32 /* SceneDelegate.swift */,
				ABE113F225AE243A00932A32 /* ViewController.swift */,
				ABE113F425AE243A00932A32 /* Main.storyboard */,
				ABE113F725AE243D00932A32 /* Assets.xcassets */,
				ABE113F925AE243D00932A32 /* LaunchScreen.storyboard */,
				ABE113FC25AE243D00932A32 /* Info.plist */,
			);
			path = LoginA;
			sourceTree = "<group>";
		};
		ABE1140425AE243D00932A32 /* LoginATests */ = {
			isa = PBXGroup;
			children = (
				ABE1140525AE243D00932A32 /* LoginATests.swift */,
				ABE1140725AE243D00932A32 /* Info.plist */,
			);
			path = LoginATests;
			sourceTree = "<group>";
		};
		ABE1140F25AE243D00932A32 /* LoginAUITests */ = {
			isa = PBXGroup;
			children = (
				ABE1141025AE243D00932A32 /* LoginAUITests.swift */,
				ABE1141225AE243D00932A32 /* Info.plist */,
			);
			path = LoginAUITests;
			sourceTree = "<group>";
		};
/* End PBXGroup section */

/* Begin PBXNativeTarget section */
		ABE113EA25AE243A00932A32 /* LoginA */ = {
			isa = PBXNativeTarget;
			buildConfigurationList = ABE1141525AE243D00932A32 /* Build configuration list for PBXNativeTarget "LoginA" */;
			buildPhases = (
				ABE113E725AE243A00932A32 /* Sources */,
				ABE113E825AE243A00932A32 /* Frameworks */,
				ABE113E925AE243A00932A32 /* Resources */,
			);
			buildRules = (
			);
			dependencies = (
			);
			name = LoginA;
			productName = LoginA;
			productReference = ABE113EB25AE243A00932A32 /* LoginA.app */;
			productType = "com.apple.product-type.application";
		};
		ABE1140025AE243D00932A32 /* LoginATests */ = {
			isa = PBXNativeTarget;
			buildConfigurationList = ABE1141825AE243D00932A32 /* Build configuration list for PBXNativeTarget "LoginATests" */;
			buildPhases = (
				ABE113FD25AE243D00932A32 /* Sources */,
				ABE113FE25AE243D00932A32 /* Frameworks */,
				ABE113FF25AE243D00932A32 /* Resources */,
			);
			buildRules = (
			);
			dependencies = (
				ABE1140325AE243D00932A32 /* PBXTargetDependency */,
			);
			name = LoginATests;
			productName = LoginATests;
			productReference = ABE1140125AE243D00932A32 /* LoginATests.xctest */;
			productType = "com.apple.product-type.bundle.unit-test";
		};
		ABE1140B25AE243D00932A32 /* LoginAUITests */ = {
			isa = PBXNativeTarget;
			buildConfigurationList = ABE1141B25AE243D00932A32 /* Build configuration list for PBXNativeTarget "LoginAUITests" */;
			buildPhases = (
				ABE1140825AE243D00932A32 /* Sources */,
				ABE1140925AE243D00932A32 /* Frameworks */,
				ABE1140A25AE243D00932A32 /* Resources */,
			);
			buildRules = (
			);
			dependencies = (
				ABE1140E25AE243D00932A32 /* PBXTargetDependency */,
			);
			name = LoginAUITests;
			productName = LoginAUITests;
			productReference = ABE1140C25AE243D00932A32 /* LoginAUITests.xctest */;
			productType = "com.apple.product-type.bundle.ui-testing";
		};
/* End PBXNativeTarget section */

/* Begin PBXProject section */
		ABE113E325AE243A00932A32 /* Project object */ = {
			isa = PBXProject;
			attributes = {
				LastSwiftUpdateCheck = 1230;
				LastUpgradeCheck = 1230;
				TargetAttributes = {
					ABE113EA25AE243A00932A32 = {
						CreatedOnToolsVersion = 12.3;
					};
					ABE1140025AE243D00932A32 = {
						CreatedOnToolsVersion = 12.3;
						TestTargetID = ABE113EA25AE243A00932A32;
					};
					ABE1140B25AE243D00932A32 = {
						CreatedOnToolsVersion = 12.3;
						TestTargetID = ABE113EA25AE243A00932A32;
					};
				};
			};
			buildConfigurationList = ABE113E625AE243A00932A32 /* Build configuration list for PBXProject "LoginA" */;
			compatibilityVersion = "Xcode 9.3";
			developmentRegion = en;
			hasScannedForEncodings = 0;
			knownRegions = (
				en,
				Base,
			);
			mainGroup = ABE113E225AE243A00932A32;
			productRefGroup = ABE113EC25AE243A00932A32 /* Products */;
			projectDirPath = "";
			projectRoot = "";
			targets = (
				ABE113EA25AE243A00932A32 /* LoginA */,
				ABE1140025AE243D00932A32 /* LoginATests */,
				ABE1140B25AE243D00932A32 /* LoginAUITests */,
			);
		};
/* End PBXProject section */

/* Begin PBXResourcesBuildPhase section */
		ABE113E925AE243A00932A32 /* Resources */ = {
			isa = PBXResourcesBuildPhase;
			buildActionMask = 2147483647;
			files = (
				ABE113FB25AE243D00932A32 /* LaunchScreen.storyboard in Resources */,
				ABE113F825AE243D00932A32 /* Assets.xcassets in Resources */,
				ABE113F625AE243A00932A32 /* Main.storyboard in Resources */,
			);
			runOnlyForDeploymentPostprocessing = 0;
		};
		ABE113FF25AE243D00932A32 /* Resources */ = {
			isa = PBXResourcesBuildPhase;
			buildActionMask = 2147483647;
			files = (
			);
			runOnlyForDeploymentPostprocessing = 0;
		};
		ABE1140A25AE243D00932A32 /* Resources */ = {
			isa = PBXResourcesBuildPhase;
			buildActionMask = 2147483647;
			files = (
			);
			runOnlyForDeploymentPostprocessing = 0;
		};
/* End PBXResourcesBuildPhase section */

/* Begin PBXSourcesBuildPhase section */
		ABE113E725AE243A00932A32 /* Sources */ = {
			isa = PBXSourcesBuildPhase;
			buildActionMask = 2147483647;
			files = (
				ABE113F325AE243A00932A32 /* ViewController.swift in Sources */,
				ABE113EF25AE243A00932A32 /* AppDelegate.swift in Sources */,
				ABE113F125AE243A00932A32 /* SceneDelegate.swift in Sources */,
			);
			runOnlyForDeploymentPostprocessing = 0;
		};
		ABE113FD25AE243D00932A32 /* Sources */ = {
			isa = PBXSourcesBuildPhase;
			buildActionMask = 2147483647;
			files = (
				ABE1140625AE243D00932A32 /* LoginATests.swift in Sources */,
			);
			runOnlyForDeploymentPostprocessing = 0;
		};
		ABE1140825AE243D00932A32 /* Sources */ = {
			isa = PBXSourcesBuildPhase;
			buildActionMask = 2147483647;
			files = (
				ABE1141125AE243D00932A32 /* LoginAUITests.swift in Sources */,
			);
			runOnlyForDeploymentPostprocessing = 0;
		};
/* End PBXSourcesBuildPhase section */

/* Begin PBXTargetDependency section */
		ABE1140325AE243D00932A32 /* PBXTargetDependency */ = {
			isa = PBXTargetDependency;
			target = ABE113EA25AE243A00932A32 /* LoginA */;
			targetProxy = ABE1140225AE243D00932A32 /* PBXContainerItemProxy */;
		};
		ABE1140E25AE243D00932A32 /* PBXTargetDependency */ = {
			isa = PBXTargetDependency;
			target = ABE113EA25AE243A00932A32 /* LoginA */;
			targetProxy = ABE1140D25AE243D00932A32 /* PBXContainerItemProxy */;
		};
/* End PBXTargetDependency section */

/* Begin PBXVariantGroup section */
		ABE113F425AE243A00932A32 /* Main.storyboard */ = {
			isa = PBXVariantGroup;
			children = (
				ABE113F525AE243A00932A32 /* Base */,
			);
			name = Main.storyboard;
			sourceTree = "<group>";
		};
		ABE113F925AE243D00932A32 /* LaunchScreen.storyboard */ = {
			isa = PBXVariantGroup;
			children = (
				ABE113FA25AE243D00932A32 /* Base */,
			);
			name = LaunchScreen.storyboard;
			sourceTree = "<group>";
		};
/* End PBXVariantGroup section */

/* Begin XCBuildConfiguration section */
		ABE1141325AE243D00932A32 /* Debug */ = {
			isa = XCBuildConfiguration;
			buildSettings = {
				ALWAYS_SEARCH_USER_PATHS = NO;
				CLANG_ANALYZER_NONNULL = YES;
				CLANG_ANALYZER_NUMBER_OBJECT_CONVERSION = YES_AGGRESSIVE;
				CLANG_CXX_LANGUAGE_STANDARD = "gnu++14";
				CLANG_CXX_LIBRARY = "libc++";
				CLANG_ENABLE_MODULES = YES;
				CLANG_ENABLE_OBJC_ARC = YES;
				CLANG_ENABLE_OBJC_WEAK = YES;
				CLANG_WARN_BLOCK_CAPTURE_AUTORELEASING = YES;
				CLANG_WARN_BOOL_CONVERSION = YES;
				CLANG_WARN_COMMA = YES;
				CLANG_WARN_CONSTANT_CONVERSION = YES;
				CLANG_WARN_DEPRECATED_OBJC_IMPLEMENTATIONS = YES;
				CLANG_WARN_DIRECT_OBJC_ISA_USAGE = YES_ERROR;
				CLANG_WARN_DOCUMENTATION_COMMENTS = YES;
				CLANG_WARN_EMPTY_BODY = YES;
				CLANG_WARN_ENUM_CONVERSION = YES;
				CLANG_WARN_INFINITE_RECURSION = YES;
				CLANG_WARN_INT_CONVERSION = YES;
				CLANG_WARN_NON_LITERAL_NULL_CONVERSION = YES;
				CLANG_WARN_OBJC_IMPLICIT_RETAIN_SELF = YES;
				CLANG_WARN_OBJC_LITERAL_CONVERSION = YES;
				CLANG_WARN_OBJC_ROOT_CLASS = YES_ERROR;
				CLANG_WARN_QUOTED_INCLUDE_IN_FRAMEWORK_HEADER = YES;
				CLANG_WARN_RANGE_LOOP_ANALYSIS = YES;
				CLANG_WARN_STRICT_PROTOTYPES = YES;
				CLANG_WARN_SUSPICIOUS_MOVE = YES;
				CLANG_WARN_UNGUARDED_AVAILABILITY = YES_AGGRESSIVE;
				CLANG_WARN_UNREACHABLE_CODE = YES;
				CLANG_WARN__DUPLICATE_METHOD_MATCH = YES;
				COPY_PHASE_STRIP = NO;
				DEBUG_INFORMATION_FORMAT = dwarf;
				ENABLE_STRICT_OBJC_MSGSEND = YES;
				ENABLE_TESTABILITY = YES;
				GCC_C_LANGUAGE_STANDARD = gnu11;
				GCC_DYNAMIC_NO_PIC = NO;
				GCC_NO_COMMON_BLOCKS = YES;
				GCC_OPTIMIZATION_LEVEL = 0;
				GCC_PREPROCESSOR_DEFINITIONS = (
					"DEBUG=1",
					"$(inherited)",
				);
				GCC_WARN_64_TO_32_BIT_CONVERSION = YES;
				GCC_WARN_ABOUT_RETURN_TYPE = YES_ERROR;
				GCC_WARN_UNDECLARED_SELECTOR = YES;
				GCC_WARN_UNINITIALIZED_AUTOS = YES_AGGRESSIVE;
				GCC_WARN_UNUSED_FUNCTION = YES;
				GCC_WARN_UNUSED_VARIABLE = YES;
				IPHONEOS_DEPLOYMENT_TARGET = 14.3;
				MTL_ENABLE_DEBUG_INFO = INCLUDE_SOURCE;
				MTL_FAST_MATH = YES;
				ONLY_ACTIVE_ARCH = YES;
				SDKROOT = iphoneos;
				SWIFT_ACTIVE_COMPILATION_CONDITIONS = DEBUG;
				SWIFT_OPTIMIZATION_LEVEL = "-Onone";
			};
			name = Debug;
		};
		ABE1141425AE243D00932A32 /* Release */ = {
			isa = XCBuildConfiguration;
			buildSettings = {
				ALWAYS_SEARCH_USER_PATHS = NO;
				CLANG_ANALYZER_NONNULL = YES;
				CLANG_ANALYZER_NUMBER_OBJECT_CONVERSION = YES_AGGRESSIVE;
				CLANG_CXX_LANGUAGE_STANDARD = "gnu++14";
				CLANG_CXX_LIBRARY = "libc++";
				CLANG_ENABLE_MODULES = YES;
				CLANG_ENABLE_OBJC_ARC = YES;
				CLANG_ENABLE_OBJC_WEAK = YES;
				CLANG_WARN_BLOCK_CAPTURE_AUTORELEASING = YES;
				CLANG_WARN_BOOL_CONVERSION = YES;
				CLANG_WARN_COMMA = YES;
				CLANG_WARN_CONSTANT_CONVERSION = YES;
				CLANG_WARN_DEPRECATED_OBJC_IMPLEMENTATIONS = YES;
				CLANG_WARN_DIRECT_OBJC_ISA_USAGE = YES_ERROR;
				CLANG_WARN_DOCUMENTATION_COMMENTS = YES;
				CLANG_WARN_EMPTY_BODY = YES;
				CLANG_WARN_ENUM_CONVERSION = YES;
				CLANG_WARN_INFINITE_RECURSION = YES;
				CLANG_WARN_INT_CONVERSION = YES;
				CLANG_WARN_NON_LITERAL_NULL_CONVERSION = YES;
				CLANG_WARN_OBJC_IMPLICIT_RETAIN_SELF = YES;
				CLANG_WARN_OBJC_LITERAL_CONVERSION = YES;
				CLANG_WARN_OBJC_ROOT_CLASS = YES_ERROR;
				CLANG_WARN_QUOTED_INCLUDE_IN_FRAMEWORK_HEADER = YES;
				CLANG_WARN_RANGE_LOOP_ANALYSIS = YES;
				CLANG_WARN_STRICT_PROTOTYPES = YES;
				CLANG_WARN_SUSPICIOUS_MOVE = YES;
				CLANG_WARN_UNGUARDED_AVAILABILITY = YES_AGGRESSIVE;
				CLANG_WARN_UNREACHABLE_CODE = YES;
				CLANG_WARN__DUPLICATE_METHOD_MATCH = YES;
				COPY_PHASE_STRIP = NO;
				DEBUG_INFORMATION_FORMAT = "dwarf-with-dsym";
				ENABLE_NS_ASSERTIONS = NO;
				ENABLE_STRICT_OBJC_MSGSEND = YES;
				GCC_C_LANGUAGE_STANDARD = gnu11;
				GCC_NO_COMMON_BLOCKS = YES;
				GCC_WARN_64_TO_32_BIT_CONVERSION = YES;
				GCC_WARN_ABOUT_RETURN_TYPE = YES_ERROR;
				GCC_WARN_UNDECLARED_SELECTOR = YES;
				GCC_WARN_UNINITIALIZED_AUTOS = YES_AGGRESSIVE;
				GCC_WARN_UNUSED_FUNCTION = YES;
				GCC_WARN_UNUSED_VARIABLE = YES;
				IPHONEOS_DEPLOYMENT_TARGET = 14.3;
				MTL_ENABLE_DEBUG_INFO = NO;
				MTL_FAST_MATH = YES;
				SDKROOT = iphoneos;
				SWIFT_COMPILATION_MODE = wholemodule;
				SWIFT_OPTIMIZATION_LEVEL = "-O";
				VALIDATE_PRODUCT = YES;
			};
			name = Release;
		};
		ABE1141625AE243D00932A32 /* Debug */ = {
			isa = XCBuildConfiguration;
			buildSettings = {
				ASSETCATALOG_COMPILER_APPICON_NAME = AppIcon;
				ASSETCATALOG_COMPILER_GLOBAL_ACCENT_COLOR_NAME = AccentColor;
				CODE_SIGN_STYLE = Automatic;
				DEVELOPMENT_TEAM = N26H5M4G5V;
				INFOPLIST_FILE = LoginA/Info.plist;
				LD_RUNPATH_SEARCH_PATHS = (
					"$(inherited)",
					"@executable_path/Frameworks",
				);
				PRODUCT_BUNDLE_IDENTIFIER = mx.pillofon.LoginA;
				PRODUCT_NAME = "$(TARGET_NAME)";
				SWIFT_VERSION = 5.0;
				TARGETED_DEVICE_FAMILY = "1,2";
			};
			name = Debug;
		};
		ABE1141725AE243D00932A32 /* Release */ = {
			isa = XCBuildConfiguration;
			buildSettings = {
				ASSETCATALOG_COMPILER_APPICON_NAME = AppIcon;
				ASSETCATALOG_COMPILER_GLOBAL_ACCENT_COLOR_NAME = AccentColor;
				CODE_SIGN_STYLE = Automatic;
				DEVELOPMENT_TEAM = N26H5M4G5V;
				INFOPLIST_FILE = LoginA/Info.plist;
				LD_RUNPATH_SEARCH_PATHS = (
					"$(inherited)",
					"@executable_path/Frameworks",
				);
				PRODUCT_BUNDLE_IDENTIFIER = mx.pillofon.LoginA;
				PRODUCT_NAME = "$(TARGET_NAME)";
				SWIFT_VERSION = 5.0;
				TARGETED_DEVICE_FAMILY = "1,2";
			};
			name = Release;
		};
		ABE1141925AE243D00932A32 /* Debug */ = {
			isa = XCBuildConfiguration;
			buildSettings = {
				ALWAYS_EMBED_SWIFT_STANDARD_LIBRARIES = YES;
				BUNDLE_LOADER = "$(TEST_HOST)";
				CODE_SIGN_STYLE = Automatic;
				DEVELOPMENT_TEAM = N26H5M4G5V;
				INFOPLIST_FILE = LoginATests/Info.plist;
				IPHONEOS_DEPLOYMENT_TARGET = 14.3;
				LD_RUNPATH_SEARCH_PATHS = (
					"$(inherited)",
					"@executable_path/Frameworks",
					"@loader_path/Frameworks",
				);
				PRODUCT_BUNDLE_IDENTIFIER = mx.pillofon.LoginATests;
				PRODUCT_NAME = "$(TARGET_NAME)";
				SWIFT_VERSION = 5.0;
				TARGETED_DEVICE_FAMILY = "1,2";
				TEST_HOST = "$(BUILT_PRODUCTS_DIR)/LoginA.app/LoginA";
			};
			name = Debug;
		};
		ABE1141A25AE243D00932A32 /* Release */ = {
			isa = XCBuildConfiguration;
			buildSettings = {
				ALWAYS_EMBED_SWIFT_STANDARD_LIBRARIES = YES;
				BUNDLE_LOADER = "$(TEST_HOST)";
				CODE_SIGN_STYLE = Automatic;
				DEVELOPMENT_TEAM = N26H5M4G5V;
				INFOPLIST_FILE = LoginATests/Info.plist;
				IPHONEOS_DEPLOYMENT_TARGET = 14.3;
				LD_RUNPATH_SEARCH_PATHS = (
					"$(inherited)",
					"@executable_path/Frameworks",
					"@loader_path/Frameworks",
				);
				PRODUCT_BUNDLE_IDENTIFIER = mx.pillofon.LoginATests;
				PRODUCT_NAME = "$(TARGET_NAME)";
				SWIFT_VERSION = 5.0;
				TARGETED_DEVICE_FAMILY = "1,2";
				TEST_HOST = "$(BUILT_PRODUCTS_DIR)/LoginA.app/LoginA";
			};
			name = Release;
		};
		ABE1141C25AE243D00932A32 /* Debug */ = {
			isa = XCBuildConfiguration;
			buildSettings = {
				ALWAYS_EMBED_SWIFT_STANDARD_LIBRARIES = YES;
				CODE_SIGN_STYLE = Automatic;
				DEVELOPMENT_TEAM = N26H5M4G5V;
				INFOPLIST_FILE = LoginAUITests/Info.plist;
				LD_RUNPATH_SEARCH_PATHS = (
					"$(inherited)",
					"@executable_path/Frameworks",
					"@loader_path/Frameworks",
				);
				PRODUCT_BUNDLE_IDENTIFIER = mx.pillofon.LoginAUITests;
				PRODUCT_NAME = "$(TARGET_NAME)";
				SWIFT_VERSION = 5.0;
				TARGETED_DEVICE_FAMILY = "1,2";
				TEST_TARGET_NAME = LoginA;
			};
			name = Debug;
		};
		ABE1141D25AE243D00932A32 /* Release */ = {
			isa = XCBuildConfiguration;
			buildSettings = {
				ALWAYS_EMBED_SWIFT_STANDARD_LIBRARIES = YES;
				CODE_SIGN_STYLE = Automatic;
				DEVELOPMENT_TEAM = N26H5M4G5V;
				INFOPLIST_FILE = LoginAUITests/Info.plist;
				LD_RUNPATH_SEARCH_PATHS = (
					"$(inherited)",
					"@executable_path/Frameworks",
					"@loader_path/Frameworks",
				);
				PRODUCT_BUNDLE_IDENTIFIER = mx.pillofon.LoginAUITests;
				PRODUCT_NAME = "$(TARGET_NAME)";
				SWIFT_VERSION = 5.0;
				TARGETED_DEVICE_FAMILY = "1,2";
				TEST_TARGET_NAME = LoginA;
			};
			name = Release;
		};
/* End XCBuildConfiguration section */

/* Begin XCConfigurationList section */
		ABE113E625AE243A00932A32 /* Build configuration list for PBXProject "LoginA" */ = {
			isa = XCConfigurationList;
			buildConfigurations = (
				ABE1141325AE243D00932A32 /* Debug */,
				ABE1141425AE243D00932A32 /* Release */,
			);
			defaultConfigurationIsVisible = 0;
			defaultConfigurationName = Release;
		};
		ABE1141525AE243D00932A32 /* Build configuration list for PBXNativeTarget "LoginA" */ = {
			isa = XCConfigurationList;
			buildConfigurations = (
				ABE1141625AE243D00932A32 /* Debug */,
				ABE1141725AE243D00932A32 /* Release */,
			);
			defaultConfigurationIsVisible = 0;
			defaultConfigurationName = Release;
		};
		ABE1141825AE243D00932A32 /* Build configuration list for PBXNativeTarget "LoginATests" */ = {
			isa = XCConfigurationList;
			buildConfigurations = (
				ABE1141925AE243D00932A32 /* Debug */,
				ABE1141A25AE243D00932A32 /* Release */,
			);
			defaultConfigurationIsVisible = 0;
			defaultConfigurationName = Release;
		};
		ABE1141B25AE243D00932A32 /* Build configuration list for PBXNativeTarget "LoginAUITests" */ = {
			isa = XCConfigurationList;
			buildConfigurations = (
				ABE1141C25AE243D00932A32 /* Debug */,
				ABE1141D25AE243D00932A32 /* Release */,
			);
			defaultConfigurationIsVisible = 0;
			defaultConfigurationName = Release;
		};
/* End XCConfigurationList section */
	};
	rootObject = ABE113E325AE243A00932A32 /* Project object */;
}
